
Microsoft Visual Studio Solution File, Format Version 12.00
# Visual Studio 15
VisualStudioVersion = 15.0.28307.902
MinimumVisualStudioVersion = 10.0.40219.1
Project("{FAE04EC0-301F-11D3-BF4B-00C04F79EFBC}") = "ShoppingCart", "ShoppingCart\ShoppingCart.csproj", "{31E8F7B9-6E35-42CB-9090-9DCEE59064A8}"
EndProject
Project("{FAE04EC0-301F-11D3-BF4B-00C04F79EFBC}") = "ShoppingCart.Tests", "ShoppingCart.Tests\ShoppingCart.Tests.csproj", "{9C15C9A0-F1EF-4907-B01D-8AEE2F81880F}"
EndProject
Global
	GlobalSection(SolutionConfigurationPlatforms) = preSolution
		Debug|Any CPU = Debug|Any CPU
		Release|Any CPU = Release|Any CPU
	EndGlobalSection
	GlobalSection(ProjectConfigurationPlatforms) = postSolution
		{31E8F7B9-6E35-42CB-9090-9DCEE59064A8}.Debug|Any CPU.ActiveCfg = Debug|Any CPU
		{31E8F7B9-6E35-42CB-9090-9DCEE59064A8}.Debug|Any CPU.Build.0 = Debug|Any CPU
		{31E8F7B9-6E35-42CB-9090-9DCEE59064A8}.Release|Any CPU.ActiveCfg = Release|Any CPU
		{31E8F7B9-6E35-42CB-9090-9DCEE59064A8}.Release|Any CPU.Build.0 = Release|Any CPU
		{9C15C9A0-F1EF-4907-B01D-8AEE2F81880F}.Debug|Any CPU.ActiveCfg = Debug|Any CPU
		{9C15C9A0-F1EF-4907-B01D-8AEE2F81880F}.Debug|Any CPU.Build.0 = Debug|Any CPU
		{9C15C9A0-F1EF-4907-B01D-8AEE2F81880F}.Release|Any CPU.ActiveCfg = Release|Any CPU
		{9C15C9A0-F1EF-4907-B01D-8AEE2F81880F}.Release|Any CPU.Build.0 = Release|Any CPU
	EndGlobalSection
	GlobalSection(SolutionProperties) = preSolution
		HideSolutionNode = FALSE
	EndGlobalSection
	GlobalSection(ExtensibilityGlobals) = postSolution
		SolutionGuid = {FA409721-19DA-4DC4-BE5B-5318E8756F2B}
	EndGlobalSection
EndGlobal
